// !$*UTF8*$!
{
	archiveVersion = 1;
	classes = {
	};
	objectVersion = 46;
	objects = {

/* Begin PBXBuildFile section */
		676EB09D1921C63D00009600 /* Foundation.framework in Frameworks */ = {isa = PBXBuildFile; fileRef = 676EB09C1921C63D00009600 /* Foundation.framework */; };
		676EB09F1921C63D00009600 /* CoreGraphics.framework in Frameworks */ = {isa = PBXBuildFile; fileRef = 676EB09E1921C63D00009600 /* CoreGraphics.framework */; };
		676EB0A11921C63D00009600 /* UIKit.framework in Frameworks */ = {isa = PBXBuildFile; fileRef = 676EB0A01921C63D00009600 /* UIKit.framework */; };
		676EB0A71921C63D00009600 /* InfoPlist.strings in Resources */ = {isa = PBXBuildFile; fileRef = 676EB0A51921C63D00009600 /* InfoPlist.strings */; };
		676EB0A91921C63D00009600 /* main.m in Sources */ = {isa = PBXBuildFile; fileRef = 676EB0A81921C63D00009600 /* main.m */; };
		676EB0AD1921C63D00009600 /* HYAppDelegate.m in Sources */ = {isa = PBXBuildFile; fileRef = 676EB0AC1921C63D00009600 /* HYAppDelegate.m */; };
		676EB0B01921C63D00009600 /* Main_iPhone.storyboard in Resources */ = {isa = PBXBuildFile; fileRef = 676EB0AE1921C63D00009600 /* Main_iPhone.storyboard */; };
		676EB0B31921C63D00009600 /* Main_iPad.storyboard in Resources */ = {isa = PBXBuildFile; fileRef = 676EB0B11921C63D00009600 /* Main_iPad.storyboard */; };
		676EB0B61921C63D00009600 /* HYViewController.m in Sources */ = {isa = PBXBuildFile; fileRef = 676EB0B51921C63D00009600 /* HYViewController.m */; };
		676EB0B81921C63D00009600 /* Images.xcassets in Resources */ = {isa = PBXBuildFile; fileRef = 676EB0B71921C63D00009600 /* Images.xcassets */; };
		676EB0BF1921C63E00009600 /* XCTest.framework in Frameworks */ = {isa = PBXBuildFile; fileRef = 676EB0BE1921C63E00009600 /* XCTest.framework */; };
		676EB0C01921C63E00009600 /* Foundation.framework in Frameworks */ = {isa = PBXBuildFile; fileRef = 676EB09C1921C63D00009600 /* Foundation.framework */; };
		676EB0C11921C63E00009600 /* UIKit.framework in Frameworks */ = {isa = PBXBuildFile; fileRef = 676EB0A01921C63D00009600 /* UIKit.framework */; };
		676EB0C91921C63E00009600 /* InfoPlist.strings in Resources */ = {isa = PBXBuildFile; fileRef = 676EB0C71921C63E00009600 /* InfoPlist.strings */; };
		676EB0CB1921C63E00009600 /* HYUIExtensionsTests.m in Sources */ = {isa = PBXBuildFile; fileRef = 676EB0CA1921C63E00009600 /* HYUIExtensionsTests.m */; };
/* End PBXBuildFile section */

/* Begin PBXContainerItemProxy section */
		676EB0C21921C63E00009600 /* PBXContainerItemProxy */ = {
			isa = PBXContainerItemProxy;
			containerPortal = 676EB0911921C63D00009600 /* Project object */;
			proxyType = 1;
			remoteGlobalIDString = 676EB0981921C63D00009600;
			remoteInfo = HYUIExtensions;
		};
/* End PBXContainerItemProxy section */

/* Begin PBXFileReference section */
		676EB0991921C63D00009600 /* HYUIExtensions.app */ = {isa = PBXFileReference; explicitFileType = wrapper.application; includeInIndex = 0; path = HYUIExtensions.app; sourceTree = BUILT_PRODUCTS_DIR; };
		676EB09C1921C63D00009600 /* Foundation.framework */ = {isa = PBXFileReference; lastKnownFileType = wrapper.framework; name = Foundation.framework; path = System/Library/Frameworks/Foundation.framework; sourceTree = SDKROOT; };
		676EB09E1921C63D00009600 /* CoreGraphics.framework */ = {isa = PBXFileReference; lastKnownFileType = wrapper.framework; name = CoreGraphics.framework; path = System/Library/Frameworks/CoreGraphics.framework; sourceTree = SDKROOT; };
		676EB0A01921C63D00009600 /* UIKit.framework */ = {isa = PBXFileReference; lastKnownFileType = wrapper.framework; name = UIKit.framework; path = System/Library/Frameworks/UIKit.framework; sourceTree = SDKROOT; };
		676EB0A41921C63D00009600 /* HYUIExtensions-Info.plist */ = {isa = PBXFileReference; lastKnownFileType = text.plist.xml; path = "HYUIExtensions-Info.plist"; sourceTree = "<group>"; };
		676EB0A61921C63D00009600 /* en */ = {isa = PBXFileReference; lastKnownFileType = text.plist.strings; name = en; path = en.lproj/InfoPlist.strings; sourceTree = "<group>"; };
		676EB0A81921C63D00009600 /* main.m */ = {isa = PBXFileReference; lastKnownFileType = sourcecode.c.objc; path = main.m; sourceTree = "<group>"; };
		676EB0AA1921C63D00009600 /* HYUIExtensions-Prefix.pch */ = {isa = PBXFileReference; lastKnownFileType = sourcecode.c.h; path = "HYUIExtensions-Prefix.pch"; sourceTree = "<group>"; };
		676EB0AB1921C63D00009600 /* HYAppDelegate.h */ = {isa = PBXFileReference; lastKnownFileType = sourcecode.c.h; path = HYAppDelegate.h; sourceTree = "<group>"; };
		676EB0AC1921C63D00009600 /* HYAppDelegate.m */ = {isa = PBXFileReference; lastKnownFileType = sourcecode.c.objc; path = HYAppDelegate.m; sourceTree = "<group>"; };
		676EB0AF1921C63D00009600 /* Base */ = {isa = PBXFileReference; lastKnownFileType = file.storyboard; name = Base; path = Base.lproj/Main_iPhone.storyboard; sourceTree = "<group>"; };
		676EB0B21921C63D00009600 /* Base */ = {isa = PBXFileReference; lastKnownFileType = file.storyboard; name = Base; path = Base.lproj/Main_iPad.storyboard; sourceTree = "<group>"; };
		676EB0B41921C63D00009600 /* HYViewController.h */ = {isa = PBXFileReference; lastKnownFileType = sourcecode.c.h; path = HYViewController.h; sourceTree = "<group>"; };
		676EB0B51921C63D00009600 /* HYViewController.m */ = {isa = PBXFileReference; lastKnownFileType = sourcecode.c.objc; path = HYViewController.m; sourceTree = "<group>"; };
		676EB0B71921C63D00009600 /* Images.xcassets */ = {isa = PBXFileReference; lastKnownFileType = folder.assetcatalog; path = Images.xcassets; sourceTree = "<group>"; };
		676EB0BD1921C63E00009600 /* HYUIExtensionsTests.xctest */ = {isa = PBXFileReference; explicitFileType = wrapper.cfbundle; includeInIndex = 0; path = HYUIExtensionsTests.xctest; sourceTree = BUILT_PRODUCTS_DIR; };
		676EB0BE1921C63E00009600 /* XCTest.framework */ = {isa = PBXFileReference; lastKnownFileType = wrapper.framework; name = XCTest.framework; path = Library/Frameworks/XCTest.framework; sourceTree = DEVELOPER_DIR; };
		676EB0C61921C63E00009600 /* HYUIExtensionsTests-Info.plist */ = {isa = PBXFileReference; lastKnownFileType = text.plist.xml; path = "HYUIExtensionsTests-Info.plist"; sourceTree = "<group>"; };
		676EB0C81921C63E00009600 /* en */ = {isa = PBXFileReference; lastKnownFileType = text.plist.strings; name = en; path = en.lproj/InfoPlist.strings; sourceTree = "<group>"; };
		676EB0CA1921C63E00009600 /* HYUIExtensionsTests.m */ = {isa = PBXFileReference; lastKnownFileType = sourcecode.c.objc; path = HYUIExtensionsTests.m; sourceTree = "<group>"; };
/* End PBXFileReference section */

/* Begin PBXFrameworksBuildPhase section */
		676EB0961921C63D00009600 /* Frameworks */ = {
			isa = PBXFrameworksBuildPhase;
			buildActionMask = 2147483647;
			files = (
				676EB09F1921C63D00009600 /* CoreGraphics.framework in Frameworks */,
				676EB0A11921C63D00009600 /* UIKit.framework in Frameworks */,
				676EB09D1921C63D00009600 /* Foundation.framework in Frameworks */,
			);
			runOnlyForDeploymentPostprocessing = 0;
		};
		676EB0BA1921C63E00009600 /* Frameworks */ = {
			isa = PBXFrameworksBuildPhase;
			buildActionMask = 2147483647;
			files = (
				676EB0BF1921C63E00009600 /* XCTest.framework in Frameworks */,
				676EB0C11921C63E00009600 /* UIKit.framework in Frameworks */,
				676EB0C01921C63E00009600 /* Foundation.framework in Frameworks */,
			);
			runOnlyForDeploymentPostprocessing = 0;
		};
/* End PBXFrameworksBuildPhase section */

/* Begin PBXGroup section */
		676EB0901921C63D00009600 = {
			isa = PBXGroup;
			children = (
				676EB0A21921C63D00009600 /* HYUIExtensions */,
				676EB0C41921C63E00009600 /* HYUIExtensionsTests */,
				676EB09B1921C63D00009600 /* Frameworks */,
				676EB09A1921C63D00009600 /* Products */,
			);
			sourceTree = "<group>";
		};
		676EB09A1921C63D00009600 /* Products */ = {
			isa = PBXGroup;
			children = (
				676EB0991921C63D00009600 /* HYUIExtensions.app */,
				676EB0BD1921C63E00009600 /* HYUIExtensionsTests.xctest */,
			);
			name = Products;
			sourceTree = "<group>";
		};
		676EB09B1921C63D00009600 /* Frameworks */ = {
			isa = PBXGroup;
			children = (
				676EB09C1921C63D00009600 /* Foundation.framework */,
				676EB09E1921C63D00009600 /* CoreGraphics.framework */,
				676EB0A01921C63D00009600 /* UIKit.framework */,
				676EB0BE1921C63E00009600 /* XCTest.framework */,
			);
			name = Frameworks;
			sourceTree = "<group>";
		};
		676EB0A21921C63D00009600 /* HYUIExtensions */ = {
			isa = PBXGroup;
			children = (
				676EB0AB1921C63D00009600 /* HYAppDelegate.h */,
				676EB0AC1921C63D00009600 /* HYAppDelegate.m */,
				676EB0AE1921C63D00009600 /* Main_iPhone.storyboard */,
				676EB0B11921C63D00009600 /* Main_iPad.storyboard */,
				676EB0B41921C63D00009600 /* HYViewController.h */,
				676EB0B51921C63D00009600 /* HYViewController.m */,
				676EB0B71921C63D00009600 /* Images.xcassets */,
				676EB0A31921C63D00009600 /* Supporting Files */,
			);
			path = HYUIExtensions;
			sourceTree = "<group>";
		};
		676EB0A31921C63D00009600 /* Supporting Files */ = {
			isa = PBXGroup;
			children = (
				676EB0A41921C63D00009600 /* HYUIExtensions-Info.plist */,
				676EB0A51921C63D00009600 /* InfoPlist.strings */,
				676EB0A81921C63D00009600 /* main.m */,
				676EB0AA1921C63D00009600 /* HYUIExtensions-Prefix.pch */,
			);
			name = "Supporting Files";
			sourceTree = "<group>";
		};
		676EB0C41921C63E00009600 /* HYUIExtensionsTests */ = {
			isa = PBXGroup;
			children = (
				676EB0CA1921C63E00009600 /* HYUIExtensionsTests.m */,
				676EB0C51921C63E00009600 /* Supporting Files */,
			);
			path = HYUIExtensionsTests;
			sourceTree = "<group>";
		};
		676EB0C51921C63E00009600 /* Supporting Files */ = {
			isa = PBXGroup;
			children = (
				676EB0C61921C63E00009600 /* HYUIExtensionsTests-Info.plist */,
				676EB0C71921C63E00009600 /* InfoPlist.strings */,
			);
			name = "Supporting Files";
			sourceTree = "<group>";
		};
/* End PBXGroup section */

/* Begin PBXNativeTarget section */
		676EB0981921C63D00009600 /* HYUIExtensions */ = {
			isa = PBXNativeTarget;
			buildConfigurationList = 676EB0CE1921C63E00009600 /* Build configuration list for PBXNativeTarget "HYUIExtensions" */;
			buildPhases = (
				676EB0951921C63D00009600 /* Sources */,
				676EB0961921C63D00009600 /* Frameworks */,
				676EB0971921C63D00009600 /* Resources */,
			);
			buildRules = (
			);
			dependencies = (
			);
			name = HYUIExtensions;
			productName = HYUIExtensions;
			productReference = 676EB0991921C63D00009600 /* HYUIExtensions.app */;
			productType = "com.apple.product-type.application";
		};
		676EB0BC1921C63E00009600 /* HYUIExtensionsTests */ = {
			isa = PBXNativeTarget;
			buildConfigurationList = 676EB0D11921C63E00009600 /* Build configuration list for PBXNativeTarget "HYUIExtensionsTests" */;
			buildPhases = (
				676EB0B91921C63E00009600 /* Sources */,
				676EB0BA1921C63E00009600 /* Frameworks */,
				676EB0BB1921C63E00009600 /* Resources */,
			);
			buildRules = (
			);
			dependencies = (
				676EB0C31921C63E00009600 /* PBXTargetDependency */,
			);
			name = HYUIExtensionsTests;
			productName = HYUIExtensionsTests;
			productReference = 676EB0BD1921C63E00009600 /* HYUIExtensionsTests.xctest */;
			productType = "com.apple.product-type.bundle.unit-test";
		};
/* End PBXNativeTarget section */

/* Begin PBXProject section */
		676EB0911921C63D00009600 /* Project object */ = {
			isa = PBXProject;
			attributes = {
				CLASSPREFIX = HY;
				LastUpgradeCheck = 0510;
				ORGANIZATIONNAME = "Hayden Young";
				TargetAttributes = {
					676EB0BC1921C63E00009600 = {
						TestTargetID = 676EB0981921C63D00009600;
					};
				};
			};
			buildConfigurationList = 676EB0941921C63D00009600 /* Build configuration list for PBXProject "HYUIExtensions" */;
			compatibilityVersion = "Xcode 3.2";
			developmentRegion = English;
			hasScannedForEncodings = 0;
			knownRegions = (
				en,
				Base,
			);
			mainGroup = 676EB0901921C63D00009600;
			productRefGroup = 676EB09A1921C63D00009600 /* Products */;
			projectDirPath = "";
			projectRoot = "";
			targets = (
				676EB0981921C63D00009600 /* HYUIExtensions */,
				676EB0BC1921C63E00009600 /* HYUIExtensionsTests */,
			);
		};
/* End PBXProject section */

/* Begin PBXResourcesBuildPhase section */
		676EB0971921C63D00009600 /* Resources */ = {
			isa = PBXResourcesBuildPhase;
			buildActionMask = 2147483647;
			files = (
				676EB0B31921C63D00009600 /* Main_iPad.storyboard in Resources */,
				676EB0B81921C63D00009600 /* Images.xcassets in Resources */,
				676EB0B01921C63D00009600 /* Main_iPhone.storyboard in Resources */,
				676EB0A71921C63D00009600 /* InfoPlist.strings in Resources */,
			);
			runOnlyForDeploymentPostprocessing = 0;
		};
		676EB0BB1921C63E00009600 /* Resources */ = {
			isa = PBXResourcesBuildPhase;
			buildActionMask = 2147483647;
			files = (
				676EB0C91921C63E00009600 /* InfoPlist.strings in Resources */,
			);
			runOnlyForDeploymentPostprocessing = 0;
		};
/* End PBXResourcesBuildPhase section */

/* Begin PBXSourcesBuildPhase section */
		676EB0951921C63D00009600 /* Sources */ = {
			isa = PBXSourcesBuildPhase;
			buildActionMask = 2147483647;
			files = (
				676EB0B61921C63D00009600 /* HYViewController.m in Sources */,
				676EB0A91921C63D00009600 /* main.m in Sources */,
				676EB0AD1921C63D00009600 /* HYAppDelegate.m in Sources */,
			);
			runOnlyForDeploymentPostprocessing = 0;
		};
		676EB0B91921C63E00009600 /* Sources */ = {
			isa = PBXSourcesBuildPhase;
			buildActionMask = 2147483647;
			files = (
				676EB0CB1921C63E00009600 /* HYUIExtensionsTests.m in Sources */,
			);
			runOnlyForDeploymentPostprocessing = 0;
		};
/* End PBXSourcesBuildPhase section */

/* Begin PBXTargetDependency section */
		676EB0C31921C63E00009600 /* PBXTargetDependency */ = {
			isa = PBXTargetDependency;
			target = 676EB0981921C63D00009600 /* HYUIExtensions */;
			targetProxy = 676EB0C21921C63E00009600 /* PBXContainerItemProxy */;
		};
/* End PBXTargetDependency section */

/* Begin PBXVariantGroup section */
		676EB0A51921C63D00009600 /* InfoPlist.strings */ = {
			isa = PBXVariantGroup;
			children = (
				676EB0A61921C63D00009600 /* en */,
			);
			name = InfoPlist.strings;
			sourceTree = "<group>";
		};
		676EB0AE1921C63D00009600 /* Main_iPhone.storyboard */ = {
			isa = PBXVariantGroup;
			children = (
				676EB0AF1921C63D00009600 /* Base */,
			);
			name = Main_iPhone.storyboard;
			sourceTree = "<group>";
		};
		676EB0B11921C63D00009600 /* Main_iPad.storyboard */ = {
			isa = PBXVariantGroup;
			children = (
				676EB0B21921C63D00009600 /* Base */,
			);
			name = Main_iPad.storyboard;
			sourceTree = "<group>";
		};
		676EB0C71921C63E00009600 /* InfoPlist.strings */ = {
			isa = PBXVariantGroup;
			children = (
				676EB0C81921C63E00009600 /* en */,
			);
			name = InfoPlist.strings;
			sourceTree = "<group>";
		};
/* End PBXVariantGroup section */

/* Begin XCBuildConfiguration section */
		676EB0CC1921C63E00009600 /* Debug */ = {
			isa = XCBuildConfiguration;
			buildSettings = {
				ALWAYS_SEARCH_USER_PATHS = NO;
				CLANG_CXX_LANGUAGE_STANDARD = "gnu++0x";
				CLANG_CXX_LIBRARY = "libc++";
				CLANG_ENABLE_MODULES = YES;
				CLANG_ENABLE_OBJC_ARC = YES;
				CLANG_WARN_BOOL_CONVERSION = YES;
				CLANG_WARN_CONSTANT_CONVERSION = YES;
				CLANG_WARN_DIRECT_OBJC_ISA_USAGE = YES_ERROR;
				CLANG_WARN_EMPTY_BODY = YES;
				CLANG_WARN_ENUM_CONVERSION = YES;
				CLANG_WARN_INT_CONVERSION = YES;
				CLANG_WARN_OBJC_ROOT_CLASS = YES_ERROR;
				CLANG_WARN__DUPLICATE_METHOD_MATCH = YES;
				"CODE_SIGN_IDENTITY[sdk=iphoneos*]" = "iPhone Developer";
				COPY_PHASE_STRIP = NO;
				GCC_C_LANGUAGE_STANDARD = gnu99;
				GCC_DYNAMIC_NO_PIC = NO;
				GCC_OPTIMIZATION_LEVEL = 0;
				GCC_PREPROCESSOR_DEFINITIONS = (
					"DEBUG=1",
					"$(inherited)",
				);
				GCC_SYMBOLS_PRIVATE_EXTERN = NO;
				GCC_WARN_64_TO_32_BIT_CONVERSION = YES;
				GCC_WARN_ABOUT_RETURN_TYPE = YES_ERROR;
				GCC_WARN_UNDECLARED_SELECTOR = YES;
				GCC_WARN_UNINITIALIZED_AUTOS = YES_AGGRESSIVE;
				GCC_WARN_UNUSED_FUNCTION = YES;
				GCC_WARN_UNUSED_VARIABLE = YES;
				IPHONEOS_DEPLOYMENT_TARGET = 7.1;
				ONLY_ACTIVE_ARCH = YES;
				SDKROOT = iphoneos;
				TARGETED_DEVICE_FAMILY = "1,2";
			};
			name = Debug;
		};
		676EB0CD1921C63E00009600 /* Release */ = {
			isa = XCBuildConfiguration;
			buildSettings = {
				ALWAYS_SEARCH_USER_PATHS = NO;
				CLANG_CXX_LANGUAGE_STANDARD = "gnu++0x";
				CLANG_CXX_LIBRARY = "libc++";
				CLANG_ENABLE_MODULES = YES;
				CLANG_ENABLE_OBJC_ARC = YES;
				CLANG_WARN_BOOL_CONVERSION = YES;
				CLANG_WARN_CONSTANT_CONVERSION = YES;
				CLANG_WARN_DIRECT_OBJC_ISA_USAGE = YES_ERROR;
				CLANG_WARN_EMPTY_BODY = YES;
				CLANG_WARN_ENUM_CONVERSION = YES;
				CLANG_WARN_INT_CONVERSION = YES;
				CLANG_WARN_OBJC_ROOT_CLASS = YES_ERROR;
				CLANG_WARN__DUPLICATE_METHOD_MATCH = YES;
				"CODE_SIGN_IDENTITY[sdk=iphoneos*]" = "iPhone Developer";
				COPY_PHASE_STRIP = YES;
				ENABLE_NS_ASSERTIONS = NO;
				GCC_C_LANGUAGE_STANDARD = gnu99;
				GCC_WARN_64_TO_32_BIT_CONVERSION = YES;
				GCC_WARN_ABOUT_RETURN_TYPE = YES_ERROR;
				GCC_WARN_UNDECLARED_SELECTOR = YES;
				GCC_WARN_UNINITIALIZED_AUTOS = YES_AGGRESSIVE;
				GCC_WARN_UNUSED_FUNCTION = YES;
				GCC_WARN_UNUSED_VARIABLE = YES;
				IPHONEOS_DEPLOYMENT_TARGET = 7.1;
				SDKROOT = iphoneos;
				TARGETED_DEVICE_FAMILY = "1,2";
				VALIDATE_PRODUCT = YES;
			};
			name = Release;
		};
		676EB0CF1921C63E00009600 /* Debug */ = {
			isa = XCBuildConfiguration;
			buildSettings = {
				ASSETCATALOG_COMPILER_APPICON_NAME = AppIcon;
				ASSETCATALOG_COMPILER_LAUNCHIMAGE_NAME = LaunchImage;
				GCC_PRECOMPILE_PREFIX_HEADER = YES;
				GCC_PREFIX_HEADER = "HYUIExtensions/HYUIExtensions-Prefix.pch";
				INFOPLIST_FILE = "HYUIExtensions/HYUIExtensions-Info.plist";
				PRODUCT_NAME = "$(TARGET_NAME)";
				WRAPPER_EXTENSION = app;
			};
			name = Debug;
		};
		676EB0D01921C63E00009600 /* Release */ = {
			isa = XCBuildConfiguration;
			buildSettings = {
				ASSETCATALOG_COMPILER_APPICON_NAME = AppIcon;
				ASSETCATALOG_COMPILER_LAUNCHIMAGE_NAME = LaunchImage;
				GCC_PRECOMPILE_PREFIX_HEADER = YES;
				GCC_PREFIX_HEADER = "HYUIExtensions/HYUIExtensions-Prefix.pch";
				INFOPLIST_FILE = "HYUIExtensions/HYUIExtensions-Info.plist";
				PRODUCT_NAME = "$(TARGET_NAME)";
				WRAPPER_EXTENSION = app;
			};
			name = Release;
		};
		676EB0D21921C63E00009600 /* Debug */ = {
			isa = XCBuildConfiguration;
			buildSettings = {
				BUNDLE_LOADER = "$(BUILT_PRODUCTS_DIR)/HYUIExtensions.app/HYUIExtensions";
				FRAMEWORK_SEARCH_PATHS = (
					"$(SDKROOT)/Developer/Library/Frameworks",
					"$(inherited)",
					"$(DEVELOPER_FRAMEWORKS_DIR)",
				);
				GCC_PRECOMPILE_PREFIX_HEADER = YES;
				GCC_PREFIX_HEADER = "HYUIExtensions/HYUIExtensions-Prefix.pch";
				GCC_PREPROCESSOR_DEFINITIONS = (
					"DEBUG=1",
					"$(inherited)",
				);
				INFOPLIST_FILE = "HYUIExtensionsTests/HYUIExtensionsTests-Info.plist";
				PRODUCT_NAME = "$(TARGET_NAME)";
				TEST_HOST = "$(BUNDLE_LOADER)";
				WRAPPER_EXTENSION = xctest;
			};
			name = Debug;
		};
		676EB0D31921C63E00009600 /* Release */ = {
			isa = XCBuildConfiguration;
			buildSettings = {
				BUNDLE_LOADER = "$(BUILT_PRODUCTS_DIR)/HYUIExtensions.app/HYUIExtensions";
				FRAMEWORK_SEARCH_PATHS = (
					"$(SDKROOT)/Developer/Library/Frameworks",
					"$(inherited)",
					"$(DEVELOPER_FRAMEWORKS_DIR)",
				);
				GCC_PRECOMPILE_PREFIX_HEADER = YES;
				GCC_PREFIX_HEADER = "HYUIExtensions/HYUIExtensions-Prefix.pch";
				INFOPLIST_FILE = "HYUIExtensionsTests/HYUIExtensionsTests-Info.plist";
				PRODUCT_NAME = "$(TARGET_NAME)";
				TEST_HOST = "$(BUNDLE_LOADER)";
				WRAPPER_EXTENSION = xctest;
			};
			name = Release;
		};
/* End XCBuildConfiguration section */

/* Begin XCConfigurationList section */
		676EB0941921C63D00009600 /* Build configuration list for PBXProject "HYUIExtensions" */ = {
			isa = XCConfigurationList;
			buildConfigurations = (
				676EB0CC1921C63E00009600 /* Debug */,
				676EB0CD1921C63E00009600 /* Release */,
			);
			defaultConfigurationIsVisible = 0;
			defaultConfigurationName = Release;
		};
		676EB0CE1921C63E00009600 /* Build configuration list for PBXNativeTarget "HYUIExtensions" */ = {
			isa = XCConfigurationList;
			buildConfigurations = (
				676EB0CF1921C63E00009600 /* Debug */,
				676EB0D01921C63E00009600 /* Release */,
			);
			defaultConfigurationIsVisible = 0;
		};
		676EB0D11921C63E00009600 /* Build configuration list for PBXNativeTarget "HYUIExtensionsTests" */ = {
			isa = XCConfigurationList;
			buildConfigurations = (
				676EB0D21921C63E00009600 /* Debug */,
				676EB0D31921C63E00009600 /* Release */,
			);
			defaultConfigurationIsVisible = 0;
		};
/* End XCConfigurationList section */
	};
	rootObject = 676EB0911921C63D00009600 /* Project object */;
}
